Microsoft Visual Studio Solution File, Format Version 12.00
# Visual Studio Version 17
VisualStudioVersion = 17.5.2.0
MinimumVisualStudioVersion = 10.0.40219.1
Project("{2150E333-8FDC-42A3-9474-1A3956D46DE8}") = "rshell-generator", "rshell-generator", "{F8F1348D-A1D5-07D5-AA66-D2C6E53F0164}"
EndProject
Project("{FAE04EC0-301F-11D3-BF4B-00C04F79EFBC}") = "RShell", "rshell-generator\rshell\RShell.csproj", "{D4EED013-593C-4909-ECAC-59B9CF212C15}"
EndProject
Global
	GlobalSection(SolutionConfigurationPlatforms) = preSolution
		Debug|Any CPU = Debug|Any CPU
		Release|Any CPU = Release|Any CPU
	EndGlobalSection
	GlobalSection(ProjectConfigurationPlatforms) = postSolution
		{D4EED013-593C-4909-ECAC-59B9CF212C15}.Debug|Any CPU.ActiveCfg = Debug|Any CPU
		{D4EED013-593C-4909-ECAC-59B9CF212C15}.Debug|Any CPU.Build.0 = Debug|Any CPU
		{D4EED013-593C-4909-ECAC-59B9CF212C15}.Release|Any CPU.ActiveCfg = Release|Any CPU
		{D4EED013-593C-4909-ECAC-59B9CF212C15}.Release|Any CPU.Build.0 = Release|Any CPU
	EndGlobalSection
	GlobalSection(SolutionProperties) = preSolution
		HideSolutionNode = FALSE
	EndGlobalSection
	GlobalSection(NestedProjects) = preSolution
		{D4EED013-593C-4909-ECAC-59B9CF212C15} = {F8F1348D-A1D5-07D5-AA66-D2C6E53F0164}
	EndGlobalSection
	GlobalSection(ExtensibilityGlobals) = postSolution
		SolutionGuid = {326FF6E5-BFD1-45DA-9DAA-507C2020EF17}
	EndGlobalSection
EndGlobal
